{
  "object": {
    "pins": [
      {
        "package": "Charts",
        "repositoryURL": "https://github.com/danielgindi/Charts.git",
        "state": {
          "branch": null,
          "revision": "66546404a6739173b8e436ab6bc1f2897cd08594",
          "version": "3.6.0"
        }
      },
      {
        "package": "Deque",
        "repositoryURL": "https://github.com/attaswift/Deque.git",
        "state": {
          "branch": "master",
          "revision": "0ad91ef4c8cb7e86f5bd3e8518a61080515120dc",
          "version": null
        }
      },
      {
        "package": "MessagePacker",
        "repositoryURL": "https://github.com/hirotakan/MessagePacker.git",
        "state": {
          "branch": "master",
          "revision": "47feef26d1367d4fbf7d5d636f1a0869541b4743",
          "version": null
        }
      }
    ]
  },
  "version": 1
}
