{
  "object": {
    "pins": [
      {
        "package": "Charts",
        "repositoryURL": "https://github.com/danielgindi/Charts.git",
        "state": {
          "branch": null,
          "revision": "66546404a6739173b8e436ab6bc1f2897cd08594",
          "version": "3.6.0"
        }
      },
      {
        "package": "MessagePack",
        "repositoryURL": "https://github.com/BatchLabs/MessagePack-Swift.git",
        "state": {
          "branch": "master",
          "revision": "c6fabe5afe1261f927a448187b20e84b9af34720",
          "version": null
        }
      }
    ]
  },
  "version": 1
}
