Microsoft Visual Studio Solution File, Format Version 12.00
# Visual Studio 16
Project("{8BC9CEB8-8B4A-11D0-8D11-00A0C91BC942}") = "ALL_BUILD", "ALL_BUILD.vcxproj", "{CF0F7D0A-ADA0-3252-8988-583247E528B8}"
	ProjectSection(ProjectDependencies) = postProject
		{61EC49AC-0915-3A5D-96F6-3EE953BD984A} = {61EC49AC-0915-3A5D-96F6-3EE953BD984A}
		{4919BCF7-8410-359C-9361-7154377B54EE} = {4919BCF7-8410-359C-9361-7154377B54EE}
	EndProjectSection
EndProject
Project("{8BC9CEB8-8B4A-11D0-8D11-00A0C91BC942}") = "INSTALL", "INSTALL.vcxproj", "{CEE00F88-3A8A-3154-BEAF-20650F423198}"
	ProjectSection(ProjectDependencies) = postProject
		{CF0F7D0A-ADA0-3252-8988-583247E528B8} = {CF0F7D0A-ADA0-3252-8988-583247E528B8}
		{61EC49AC-0915-3A5D-96F6-3EE953BD984A} = {61EC49AC-0915-3A5D-96F6-3EE953BD984A}
	EndProjectSection
EndProject
Project("{8BC9CEB8-8B4A-11D0-8D11-00A0C91BC942}") = "PACKAGE", "PACKAGE.vcxproj", "{0B2A9F09-0F8D-303E-87E7-D265B4179DFB}"
	ProjectSection(ProjectDependencies) = postProject
		{CF0F7D0A-ADA0-3252-8988-583247E528B8} = {CF0F7D0A-ADA0-3252-8988-583247E528B8}
		{61EC49AC-0915-3A5D-96F6-3EE953BD984A} = {61EC49AC-0915-3A5D-96F6-3EE953BD984A}
	EndProjectSection
EndProject
Project("{8BC9CEB8-8B4A-11D0-8D11-00A0C91BC942}") = "ZERO_CHECK", "ZERO_CHECK.vcxproj", "{61EC49AC-0915-3A5D-96F6-3EE953BD984A}"
	ProjectSection(ProjectDependencies) = postProject
	EndProjectSection
EndProject
Project("{8BC9CEB8-8B4A-11D0-8D11-00A0C91BC942}") = "jzmq", "jzmq.vcxproj", "{4919BCF7-8410-359C-9361-7154377B54EE}"
	ProjectSection(ProjectDependencies) = postProject
		{61EC49AC-0915-3A5D-96F6-3EE953BD984A} = {61EC49AC-0915-3A5D-96F6-3EE953BD984A}
	EndProjectSection
EndProject
Global
	GlobalSection(SolutionConfigurationPlatforms) = preSolution
		Debug|x64 = Debug|x64
		Release|x64 = Release|x64
		MinSizeRel|x64 = MinSizeRel|x64
		RelWithDebInfo|x64 = RelWithDebInfo|x64
	EndGlobalSection
	GlobalSection(ProjectConfigurationPlatforms) = postSolution
		{CF0F7D0A-ADA0-3252-8988-583247E528B8}.Debug|x64.ActiveCfg = Debug|x64
		{CF0F7D0A-ADA0-3252-8988-583247E528B8}.Debug|x64.Build.0 = Debug|x64
		{CF0F7D0A-ADA0-3252-8988-583247E528B8}.Release|x64.ActiveCfg = Release|x64
		{CF0F7D0A-ADA0-3252-8988-583247E528B8}.Release|x64.Build.0 = Release|x64
		{CF0F7D0A-ADA0-3252-8988-583247E528B8}.MinSizeRel|x64.ActiveCfg = MinSizeRel|x64
		{CF0F7D0A-ADA0-3252-8988-583247E528B8}.MinSizeRel|x64.Build.0 = MinSizeRel|x64
		{CF0F7D0A-ADA0-3252-8988-583247E528B8}.RelWithDebInfo|x64.ActiveCfg = RelWithDebInfo|x64
		{CF0F7D0A-ADA0-3252-8988-583247E528B8}.RelWithDebInfo|x64.Build.0 = RelWithDebInfo|x64
		{CEE00F88-3A8A-3154-BEAF-20650F423198}.Debug|x64.ActiveCfg = Debug|x64
		{CEE00F88-3A8A-3154-BEAF-20650F423198}.Release|x64.ActiveCfg = Release|x64
		{CEE00F88-3A8A-3154-BEAF-20650F423198}.MinSizeRel|x64.ActiveCfg = MinSizeRel|x64
		{CEE00F88-3A8A-3154-BEAF-20650F423198}.RelWithDebInfo|x64.ActiveCfg = RelWithDebInfo|x64
		{0B2A9F09-0F8D-303E-87E7-D265B4179DFB}.Debug|x64.ActiveCfg = Debug|x64
		{0B2A9F09-0F8D-303E-87E7-D265B4179DFB}.Release|x64.ActiveCfg = Release|x64
		{0B2A9F09-0F8D-303E-87E7-D265B4179DFB}.MinSizeRel|x64.ActiveCfg = MinSizeRel|x64
		{0B2A9F09-0F8D-303E-87E7-D265B4179DFB}.RelWithDebInfo|x64.ActiveCfg = RelWithDebInfo|x64
		{61EC49AC-0915-3A5D-96F6-3EE953BD984A}.Debug|x64.ActiveCfg = Debug|x64
		{61EC49AC-0915-3A5D-96F6-3EE953BD984A}.Debug|x64.Build.0 = Debug|x64
		{61EC49AC-0915-3A5D-96F6-3EE953BD984A}.Release|x64.ActiveCfg = Release|x64
		{61EC49AC-0915-3A5D-96F6-3EE953BD984A}.Release|x64.Build.0 = Release|x64
		{61EC49AC-0915-3A5D-96F6-3EE953BD984A}.MinSizeRel|x64.ActiveCfg = MinSizeRel|x64
		{61EC49AC-0915-3A5D-96F6-3EE953BD984A}.MinSizeRel|x64.Build.0 = MinSizeRel|x64
		{61EC49AC-0915-3A5D-96F6-3EE953BD984A}.RelWithDebInfo|x64.ActiveCfg = RelWithDebInfo|x64
		{61EC49AC-0915-3A5D-96F6-3EE953BD984A}.RelWithDebInfo|x64.Build.0 = RelWithDebInfo|x64
		{4919BCF7-8410-359C-9361-7154377B54EE}.Debug|x64.ActiveCfg = Debug|x64
		{4919BCF7-8410-359C-9361-7154377B54EE}.Debug|x64.Build.0 = Debug|x64
		{4919BCF7-8410-359C-9361-7154377B54EE}.Release|x64.ActiveCfg = Release|x64
		{4919BCF7-8410-359C-9361-7154377B54EE}.Release|x64.Build.0 = Release|x64
		{4919BCF7-8410-359C-9361-7154377B54EE}.MinSizeRel|x64.ActiveCfg = MinSizeRel|x64
		{4919BCF7-8410-359C-9361-7154377B54EE}.MinSizeRel|x64.Build.0 = MinSizeRel|x64
		{4919BCF7-8410-359C-9361-7154377B54EE}.RelWithDebInfo|x64.ActiveCfg = RelWithDebInfo|x64
		{4919BCF7-8410-359C-9361-7154377B54EE}.RelWithDebInfo|x64.Build.0 = RelWithDebInfo|x64
	EndGlobalSection
	GlobalSection(ExtensibilityGlobals) = postSolution
		SolutionGuid = {D7852DED-F2C8-3667-9B45-DE94C4896A7E}
	EndGlobalSection
	GlobalSection(ExtensibilityAddIns) = postSolution
	EndGlobalSection
EndGlobal
